
Microsoft Visual Studio Solution File, Format Version 12.00
# Visual Studio 2013
VisualStudioVersion = 12.0.21005.1
MinimumVisualStudioVersion = 10.0.40219.1
Project("{FAE04EC0-301F-11D3-BF4B-00C04F79EFBC}") = "HandWork.Com.Service", "HandWork.Com.Service\HandWork.Com.Service.csproj", "{A0B588D3-E5CF-4971-994A-3DE6CFCAF39D}"
EndProject
Project("{FAE04EC0-301F-11D3-BF4B-00C04F79EFBC}") = "HandWork.Com.Provider", "HandWork.Com.Provider\HandWork.Com.Provider.csproj", "{13267240-5397-4352-9358-6736DED4938D}"
EndProject
Project("{FAE04EC0-301F-11D3-BF4B-00C04F79EFBC}") = "HandWork.Com.Models", "HandWork.Com.Model\HandWork.Com.Models.csproj", "{6B928959-9D64-4D3E-A21A-13FE1D60E879}"
EndProject
Project("{FAE04EC0-301F-11D3-BF4B-00C04F79EFBC}") = "HandWork.Com.WebApp", "HandWork.Com.WebApp\HandWork.Com.WebApp.csproj", "{4BC1761A-619D-4483-A441-A486D82B3F97}"
EndProject
Project("{FAE04EC0-301F-11D3-BF4B-00C04F79EFBC}") = "HandWork.Com.MVC", "HandWork.Com.MVC\HandWork.Com.MVC.csproj", "{F8A2C208-F0F6-4714-B4F1-4C4DA93DF5E5}"
EndProject
Global
	GlobalSection(SolutionConfigurationPlatforms) = preSolution
		Debug|Any CPU = Debug|Any CPU
		Release|Any CPU = Release|Any CPU
	EndGlobalSection
	GlobalSection(ProjectConfigurationPlatforms) = postSolution
		{A0B588D3-E5CF-4971-994A-3DE6CFCAF39D}.Debug|Any CPU.ActiveCfg = Debug|Any CPU
		{A0B588D3-E5CF-4971-994A-3DE6CFCAF39D}.Debug|Any CPU.Build.0 = Debug|Any CPU
		{A0B588D3-E5CF-4971-994A-3DE6CFCAF39D}.Release|Any CPU.ActiveCfg = Release|Any CPU
		{A0B588D3-E5CF-4971-994A-3DE6CFCAF39D}.Release|Any CPU.Build.0 = Release|Any CPU
		{13267240-5397-4352-9358-6736DED4938D}.Debug|Any CPU.ActiveCfg = Debug|Any CPU
		{13267240-5397-4352-9358-6736DED4938D}.Debug|Any CPU.Build.0 = Debug|Any CPU
		{13267240-5397-4352-9358-6736DED4938D}.Release|Any CPU.ActiveCfg = Release|Any CPU
		{13267240-5397-4352-9358-6736DED4938D}.Release|Any CPU.Build.0 = Release|Any CPU
		{6B928959-9D64-4D3E-A21A-13FE1D60E879}.Debug|Any CPU.ActiveCfg = Debug|Any CPU
		{6B928959-9D64-4D3E-A21A-13FE1D60E879}.Debug|Any CPU.Build.0 = Debug|Any CPU
		{6B928959-9D64-4D3E-A21A-13FE1D60E879}.Release|Any CPU.ActiveCfg = Release|Any CPU
		{6B928959-9D64-4D3E-A21A-13FE1D60E879}.Release|Any CPU.Build.0 = Release|Any CPU
		{4BC1761A-619D-4483-A441-A486D82B3F97}.Debug|Any CPU.ActiveCfg = Debug|Any CPU
		{4BC1761A-619D-4483-A441-A486D82B3F97}.Debug|Any CPU.Build.0 = Debug|Any CPU
		{4BC1761A-619D-4483-A441-A486D82B3F97}.Release|Any CPU.ActiveCfg = Release|Any CPU
		{4BC1761A-619D-4483-A441-A486D82B3F97}.Release|Any CPU.Build.0 = Release|Any CPU
		{F8A2C208-F0F6-4714-B4F1-4C4DA93DF5E5}.Debug|Any CPU.ActiveCfg = Debug|Any CPU
		{F8A2C208-F0F6-4714-B4F1-4C4DA93DF5E5}.Debug|Any CPU.Build.0 = Debug|Any CPU
		{F8A2C208-F0F6-4714-B4F1-4C4DA93DF5E5}.Release|Any CPU.ActiveCfg = Release|Any CPU
		{F8A2C208-F0F6-4714-B4F1-4C4DA93DF5E5}.Release|Any CPU.Build.0 = Release|Any CPU
	EndGlobalSection
	GlobalSection(SolutionProperties) = preSolution
		HideSolutionNode = FALSE
	EndGlobalSection
EndGlobal
